// !$*UTF8*$!
{
	archiveVersion = 1;
	classes = {
	};
	objectVersion = 55;
	objects = {

/* Begin PBXBuildFile section */
		77534A6528AD988800E4A05D /* BusinessMap.swift in Sources */ = {isa = PBXBuildFile; fileRef = 77534A6428AD988800E4A05D /* BusinessMap.swift */; };
		775FB13E289B231A0005850B /* HomeView.swift in Sources */ = {isa = PBXBuildFile; fileRef = 775FB13D289B231A0005850B /* HomeView.swift */; };
		775FB141289B2F7F0005850B /* BusinessList.swift in Sources */ = {isa = PBXBuildFile; fileRef = 775FB140289B2F7F0005850B /* BusinessList.swift */; };
		775FB143289B34D00005850B /* BusinessSectionHeader.swift in Sources */ = {isa = PBXBuildFile; fileRef = 775FB142289B34D00005850B /* BusinessSectionHeader.swift */; };
		775FB145289B35B20005850B /* BusinessSection.swift in Sources */ = {isa = PBXBuildFile; fileRef = 775FB144289B35B20005850B /* BusinessSection.swift */; };
		775FB147289B750D0005850B /* BusinessRow.swift in Sources */ = {isa = PBXBuildFile; fileRef = 775FB146289B750D0005850B /* BusinessRow.swift */; };
		7771935E28A85BC3001A9729 /* BusinessDetail.swift in Sources */ = {isa = PBXBuildFile; fileRef = 7771935D28A85BC3001A9729 /* BusinessDetail.swift */; };
		77A91DFE289447D30052406D /* Constants.swift in Sources */ = {isa = PBXBuildFile; fileRef = 77A91DFD289447D30052406D /* Constants.swift */; };
		77A91E00289448F50052406D /* BusinessSearch.swift in Sources */ = {isa = PBXBuildFile; fileRef = 77A91DFF289448F50052406D /* BusinessSearch.swift */; };
		77B4B4D6288891560090DF04 /* City_Sights_App.swift in Sources */ = {isa = PBXBuildFile; fileRef = 77B4B4D5288891560090DF04 /* City_Sights_App.swift */; };
		77B4B4D8288891560090DF04 /* LaunchView.swift in Sources */ = {isa = PBXBuildFile; fileRef = 77B4B4D7288891560090DF04 /* LaunchView.swift */; };
		77B4B4DA2888915B0090DF04 /* Assets.xcassets in Resources */ = {isa = PBXBuildFile; fileRef = 77B4B4D92888915B0090DF04 /* Assets.xcassets */; };
		77B4B4DD2888915B0090DF04 /* Preview Assets.xcassets in Resources */ = {isa = PBXBuildFile; fileRef = 77B4B4DC2888915B0090DF04 /* Preview Assets.xcassets */; };
		77B4B4E72888A0C60090DF04 /* ContentModel.swift in Sources */ = {isa = PBXBuildFile; fileRef = 77B4B4E62888A0C60090DF04 /* ContentModel.swift */; };
/* End PBXBuildFile section */

/* Begin PBXFileReference section */
		77534A6428AD988800E4A05D /* BusinessMap.swift */ = {isa = PBXFileReference; lastKnownFileType = sourcecode.swift; path = BusinessMap.swift; sourceTree = "<group>"; };
		775FB13D289B231A0005850B /* HomeView.swift */ = {isa = PBXFileReference; lastKnownFileType = sourcecode.swift; path = HomeView.swift; sourceTree = "<group>"; };
		775FB140289B2F7F0005850B /* BusinessList.swift */ = {isa = PBXFileReference; lastKnownFileType = sourcecode.swift; path = BusinessList.swift; sourceTree = "<group>"; };
		775FB142289B34D00005850B /* BusinessSectionHeader.swift */ = {isa = PBXFileReference; lastKnownFileType = sourcecode.swift; path = BusinessSectionHeader.swift; sourceTree = "<group>"; };
		775FB144289B35B20005850B /* BusinessSection.swift */ = {isa = PBXFileReference; lastKnownFileType = sourcecode.swift; path = BusinessSection.swift; sourceTree = "<group>"; };
		775FB146289B750D0005850B /* BusinessRow.swift */ = {isa = PBXFileReference; lastKnownFileType = sourcecode.swift; path = BusinessRow.swift; sourceTree = "<group>"; };
		7771935D28A85BC3001A9729 /* BusinessDetail.swift */ = {isa = PBXFileReference; lastKnownFileType = sourcecode.swift; path = BusinessDetail.swift; sourceTree = "<group>"; };
		77A91DFD289447D30052406D /* Constants.swift */ = {isa = PBXFileReference; lastKnownFileType = sourcecode.swift; path = Constants.swift; sourceTree = "<group>"; };
		77A91DFF289448F50052406D /* BusinessSearch.swift */ = {isa = PBXFileReference; lastKnownFileType = sourcecode.swift; path = BusinessSearch.swift; sourceTree = "<group>"; };
		77B4B4D2288891560090DF04 /* City-Sights.app */ = {isa = PBXFileReference; explicitFileType = wrapper.application; includeInIndex = 0; path = "City-Sights.app"; sourceTree = BUILT_PRODUCTS_DIR; };
		77B4B4D5288891560090DF04 /* City_Sights_App.swift */ = {isa = PBXFileReference; lastKnownFileType = sourcecode.swift; path = City_Sights_App.swift; sourceTree = "<group>"; };
		77B4B4D7288891560090DF04 /* LaunchView.swift */ = {isa = PBXFileReference; lastKnownFileType = sourcecode.swift; path = LaunchView.swift; sourceTree = "<group>"; };
		77B4B4D92888915B0090DF04 /* Assets.xcassets */ = {isa = PBXFileReference; lastKnownFileType = folder.assetcatalog; path = Assets.xcassets; sourceTree = "<group>"; };
		77B4B4DC2888915B0090DF04 /* Preview Assets.xcassets */ = {isa = PBXFileReference; lastKnownFileType = folder.assetcatalog; path = "Preview Assets.xcassets"; sourceTree = "<group>"; };
		77B4B4E62888A0C60090DF04 /* ContentModel.swift */ = {isa = PBXFileReference; lastKnownFileType = sourcecode.swift; path = ContentModel.swift; sourceTree = "<group>"; };
		77B4B4E82888A3300090DF04 /* Info.plist */ = {isa = PBXFileReference; lastKnownFileType = text.plist; path = Info.plist; sourceTree = "<group>"; };
/* End PBXFileReference section */

/* Begin PBXFrameworksBuildPhase section */
		77B4B4CF288891560090DF04 /* Frameworks */ = {
			isa = PBXFrameworksBuildPhase;
			buildActionMask = 2147483647;
			files = (
			);
			runOnlyForDeploymentPostprocessing = 0;
		};
/* End PBXFrameworksBuildPhase section */

/* Begin PBXGroup section */
		77534A6128AD983100E4A05D /* Map */ = {
			isa = PBXGroup;
			children = (
				77534A6428AD988800E4A05D /* BusinessMap.swift */,
			);
			path = Map;
			sourceTree = "<group>";
		};
		775FB13A289B22D60005850B /* Onboarding */ = {
			isa = PBXGroup;
			children = (
			);
			path = Onboarding;
			sourceTree = "<group>";
		};
		775FB13B289B22E30005850B /* Denied */ = {
			isa = PBXGroup;
			children = (
			);
			path = Denied;
			sourceTree = "<group>";
		};
		775FB13C289B22E70005850B /* Home */ = {
			isa = PBXGroup;
			children = (
				775FB13D289B231A0005850B /* HomeView.swift */,
				775FB13F289B2F420005850B /* List */,
			);
			path = Home;
			sourceTree = "<group>";
		};
		775FB13F289B2F420005850B /* List */ = {
			isa = PBXGroup;
			children = (
				775FB140289B2F7F0005850B /* BusinessList.swift */,
				775FB144289B35B20005850B /* BusinessSection.swift */,
				775FB142289B34D00005850B /* BusinessSectionHeader.swift */,
				775FB146289B750D0005850B /* BusinessRow.swift */,
				7771935F28A85BCB001A9729 /* Detail */,
			);
			path = List;
			sourceTree = "<group>";
		};
		7771935F28A85BCB001A9729 /* Detail */ = {
			isa = PBXGroup;
			children = (
				7771935D28A85BC3001A9729 /* BusinessDetail.swift */,
			);
			path = Detail;
			sourceTree = "<group>";
		};
		77A91DFC289447B70052406D /* Helper */ = {
			isa = PBXGroup;
			children = (
				77A91DFD289447D30052406D /* Constants.swift */,
			);
			path = Helper;
			sourceTree = "<group>";
		};
		77B4B4C9288891560090DF04 = {
			isa = PBXGroup;
			children = (
				77B4B4D4288891560090DF04 /* City-Sights */,
				77B4B4D3288891560090DF04 /* Products */,
			);
			sourceTree = "<group>";
		};
		77B4B4D3288891560090DF04 /* Products */ = {
			isa = PBXGroup;
			children = (
				77B4B4D2288891560090DF04 /* City-Sights.app */,
			);
			name = Products;
			sourceTree = "<group>";
		};
		77B4B4D4288891560090DF04 /* City-Sights */ = {
			isa = PBXGroup;
			children = (
				77B4B4D5288891560090DF04 /* City_Sights_App.swift */,
				77B4B4E328889ED50090DF04 /* Views */,
				77B4B4E428889ED70090DF04 /* View Models */,
				77B4B4E528889ED90090DF04 /* Models */,
				77A91DFC289447B70052406D /* Helper */,
				77B4B4DB2888915B0090DF04 /* Preview Content */,
				77B4B4D92888915B0090DF04 /* Assets.xcassets */,
				77B4B4E82888A3300090DF04 /* Info.plist */,
			);
			path = "City-Sights";
			sourceTree = "<group>";
		};
		77B4B4DB2888915B0090DF04 /* Preview Content */ = {
			isa = PBXGroup;
			children = (
				77B4B4DC2888915B0090DF04 /* Preview Assets.xcassets */,
			);
			path = "Preview Content";
			sourceTree = "<group>";
		};
		77B4B4E328889ED50090DF04 /* Views */ = {
			isa = PBXGroup;
			children = (
				77B4B4D7288891560090DF04 /* LaunchView.swift */,
				775FB13C289B22E70005850B /* Home */,
				77534A6128AD983100E4A05D /* Map */,
				775FB13B289B22E30005850B /* Denied */,
				775FB13A289B22D60005850B /* Onboarding */,
			);
			path = Views;
			sourceTree = "<group>";
		};
		77B4B4E428889ED70090DF04 /* View Models */ = {
			isa = PBXGroup;
			children = (
				77B4B4E62888A0C60090DF04 /* ContentModel.swift */,
			);
			path = "View Models";
			sourceTree = "<group>";
		};
		77B4B4E528889ED90090DF04 /* Models */ = {
			isa = PBXGroup;
			children = (
				77A91DFF289448F50052406D /* BusinessSearch.swift */,
			);
			path = Models;
			sourceTree = "<group>";
		};
/* End PBXGroup section */

/* Begin PBXNativeTarget section */
		77B4B4D1288891560090DF04 /* City-Sights */ = {
			isa = PBXNativeTarget;
			buildConfigurationList = 77B4B4E02888915B0090DF04 /* Build configuration list for PBXNativeTarget "City-Sights" */;
			buildPhases = (
				77B4B4CE288891560090DF04 /* Sources */,
				77B4B4CF288891560090DF04 /* Frameworks */,
				77B4B4D0288891560090DF04 /* Resources */,
			);
			buildRules = (
			);
			dependencies = (
			);
			name = "City-Sights";
			productName = "City-Sights";
			productReference = 77B4B4D2288891560090DF04 /* City-Sights.app */;
			productType = "com.apple.product-type.application";
		};
/* End PBXNativeTarget section */

/* Begin PBXProject section */
		77B4B4CA288891560090DF04 /* Project object */ = {
			isa = PBXProject;
			attributes = {
				BuildIndependentTargetsInParallel = 1;
				LastSwiftUpdateCheck = 1340;
				LastUpgradeCheck = 1340;
				TargetAttributes = {
					77B4B4D1288891560090DF04 = {
						CreatedOnToolsVersion = 13.4;
					};
				};
			};
			buildConfigurationList = 77B4B4CD288891560090DF04 /* Build configuration list for PBXProject "City-Sights" */;
			compatibilityVersion = "Xcode 13.0";
			developmentRegion = en;
			hasScannedForEncodings = 0;
			knownRegions = (
				en,
				Base,
			);
			mainGroup = 77B4B4C9288891560090DF04;
			productRefGroup = 77B4B4D3288891560090DF04 /* Products */;
			projectDirPath = "";
			projectRoot = "";
			targets = (
				77B4B4D1288891560090DF04 /* City-Sights */,
			);
		};
/* End PBXProject section */

/* Begin PBXResourcesBuildPhase section */
		77B4B4D0288891560090DF04 /* Resources */ = {
			isa = PBXResourcesBuildPhase;
			buildActionMask = 2147483647;
			files = (
				77B4B4DD2888915B0090DF04 /* Preview Assets.xcassets in Resources */,
				77B4B4DA2888915B0090DF04 /* Assets.xcassets in Resources */,
			);
			runOnlyForDeploymentPostprocessing = 0;
		};
/* End PBXResourcesBuildPhase section */

/* Begin PBXSourcesBuildPhase section */
		77B4B4CE288891560090DF04 /* Sources */ = {
			isa = PBXSourcesBuildPhase;
			buildActionMask = 2147483647;
			files = (
				775FB143289B34D00005850B /* BusinessSectionHeader.swift in Sources */,
				775FB145289B35B20005850B /* BusinessSection.swift in Sources */,
				77B4B4D8288891560090DF04 /* LaunchView.swift in Sources */,
				77B4B4D6288891560090DF04 /* City_Sights_App.swift in Sources */,
				77B4B4E72888A0C60090DF04 /* ContentModel.swift in Sources */,
				775FB13E289B231A0005850B /* HomeView.swift in Sources */,
				7771935E28A85BC3001A9729 /* BusinessDetail.swift in Sources */,
				775FB147289B750D0005850B /* BusinessRow.swift in Sources */,
				77A91E00289448F50052406D /* BusinessSearch.swift in Sources */,
				775FB141289B2F7F0005850B /* BusinessList.swift in Sources */,
				77534A6528AD988800E4A05D /* BusinessMap.swift in Sources */,
				77A91DFE289447D30052406D /* Constants.swift in Sources */,
			);
			runOnlyForDeploymentPostprocessing = 0;
		};
/* End PBXSourcesBuildPhase section */

/* Begin XCBuildConfiguration section */
		77B4B4DE2888915B0090DF04 /* Debug */ = {
			isa = XCBuildConfiguration;
			buildSettings = {
				ALWAYS_SEARCH_USER_PATHS = NO;
				CLANG_ANALYZER_NONNULL = YES;
				CLANG_ANALYZER_NUMBER_OBJECT_CONVERSION = YES_AGGRESSIVE;
				CLANG_CXX_LANGUAGE_STANDARD = "gnu++17";
				CLANG_ENABLE_MODULES = YES;
				CLANG_ENABLE_OBJC_ARC = YES;
				CLANG_ENABLE_OBJC_WEAK = YES;
				CLANG_WARN_BLOCK_CAPTURE_AUTORELEASING = YES;
				CLANG_WARN_BOOL_CONVERSION = YES;
				CLANG_WARN_COMMA = YES;
				CLANG_WARN_CONSTANT_CONVERSION = YES;
				CLANG_WARN_DEPRECATED_OBJC_IMPLEMENTATIONS = YES;
				CLANG_WARN_DIRECT_OBJC_ISA_USAGE = YES_ERROR;
				CLANG_WARN_DOCUMENTATION_COMMENTS = YES;
				CLANG_WARN_EMPTY_BODY = YES;
				CLANG_WARN_ENUM_CONVERSION = YES;
				CLANG_WARN_INFINITE_RECURSION = YES;
				CLANG_WARN_INT_CONVERSION = YES;
				CLANG_WARN_NON_LITERAL_NULL_CONVERSION = YES;
				CLANG_WARN_OBJC_IMPLICIT_RETAIN_SELF = YES;
				CLANG_WARN_OBJC_LITERAL_CONVERSION = YES;
				CLANG_WARN_OBJC_ROOT_CLASS = YES_ERROR;
				CLANG_WARN_QUOTED_INCLUDE_IN_FRAMEWORK_HEADER = YES;
				CLANG_WARN_RANGE_LOOP_ANALYSIS = YES;
				CLANG_WARN_STRICT_PROTOTYPES = YES;
				CLANG_WARN_SUSPICIOUS_MOVE = YES;
				CLANG_WARN_UNGUARDED_AVAILABILITY = YES_AGGRESSIVE;
				CLANG_WARN_UNREACHABLE_CODE = YES;
				CLANG_WARN__DUPLICATE_METHOD_MATCH = YES;
				COPY_PHASE_STRIP = NO;
				DEBUG_INFORMATION_FORMAT = dwarf;
				ENABLE_STRICT_OBJC_MSGSEND = YES;
				ENABLE_TESTABILITY = YES;
				GCC_C_LANGUAGE_STANDARD = gnu11;
				GCC_DYNAMIC_NO_PIC = NO;
				GCC_NO_COMMON_BLOCKS = YES;
				GCC_OPTIMIZATION_LEVEL = 0;
				GCC_PREPROCESSOR_DEFINITIONS = (
					"DEBUG=1",
					"$(inherited)",
				);
				GCC_WARN_64_TO_32_BIT_CONVERSION = YES;
				GCC_WARN_ABOUT_RETURN_TYPE = YES_ERROR;
				GCC_WARN_UNDECLARED_SELECTOR = YES;
				GCC_WARN_UNINITIALIZED_AUTOS = YES_AGGRESSIVE;
				GCC_WARN_UNUSED_FUNCTION = YES;
				GCC_WARN_UNUSED_VARIABLE = YES;
				IPHONEOS_DEPLOYMENT_TARGET = 15.5;
				MTL_ENABLE_DEBUG_INFO = INCLUDE_SOURCE;
				MTL_FAST_MATH = YES;
				ONLY_ACTIVE_ARCH = YES;
				SDKROOT = iphoneos;
				SWIFT_ACTIVE_COMPILATION_CONDITIONS = DEBUG;
				SWIFT_OPTIMIZATION_LEVEL = "-Onone";
			};
			name = Debug;
		};
		77B4B4DF2888915B0090DF04 /* Release */ = {
			isa = XCBuildConfiguration;
			buildSettings = {
				ALWAYS_SEARCH_USER_PATHS = NO;
				CLANG_ANALYZER_NONNULL = YES;
				CLANG_ANALYZER_NUMBER_OBJECT_CONVERSION = YES_AGGRESSIVE;
				CLANG_CXX_LANGUAGE_STANDARD = "gnu++17";
				CLANG_ENABLE_MODULES = YES;
				CLANG_ENABLE_OBJC_ARC = YES;
				CLANG_ENABLE_OBJC_WEAK = YES;
				CLANG_WARN_BLOCK_CAPTURE_AUTORELEASING = YES;
				CLANG_WARN_BOOL_CONVERSION = YES;
				CLANG_WARN_COMMA = YES;
				CLANG_WARN_CONSTANT_CONVERSION = YES;
				CLANG_WARN_DEPRECATED_OBJC_IMPLEMENTATIONS = YES;
				CLANG_WARN_DIRECT_OBJC_ISA_USAGE = YES_ERROR;
				CLANG_WARN_DOCUMENTATION_COMMENTS = YES;
				CLANG_WARN_EMPTY_BODY = YES;
				CLANG_WARN_ENUM_CONVERSION = YES;
				CLANG_WARN_INFINITE_RECURSION = YES;
				CLANG_WARN_INT_CONVERSION = YES;
				CLANG_WARN_NON_LITERAL_NULL_CONVERSION = YES;
				CLANG_WARN_OBJC_IMPLICIT_RETAIN_SELF = YES;
				CLANG_WARN_OBJC_LITERAL_CONVERSION = YES;
				CLANG_WARN_OBJC_ROOT_CLASS = YES_ERROR;
				CLANG_WARN_QUOTED_INCLUDE_IN_FRAMEWORK_HEADER = YES;
				CLANG_WARN_RANGE_LOOP_ANALYSIS = YES;
				CLANG_WARN_STRICT_PROTOTYPES = YES;
				CLANG_WARN_SUSPICIOUS_MOVE = YES;
				CLANG_WARN_UNGUARDED_AVAILABILITY = YES_AGGRESSIVE;
				CLANG_WARN_UNREACHABLE_CODE = YES;
				CLANG_WARN__DUPLICATE_METHOD_MATCH = YES;
				COPY_PHASE_STRIP = NO;
				DEBUG_INFORMATION_FORMAT = "dwarf-with-dsym";
				ENABLE_NS_ASSERTIONS = NO;
				ENABLE_STRICT_OBJC_MSGSEND = YES;
				GCC_C_LANGUAGE_STANDARD = gnu11;
				GCC_NO_COMMON_BLOCKS = YES;
				GCC_WARN_64_TO_32_BIT_CONVERSION = YES;
				GCC_WARN_ABOUT_RETURN_TYPE = YES_ERROR;
				GCC_WARN_UNDECLARED_SELECTOR = YES;
				GCC_WARN_UNINITIALIZED_AUTOS = YES_AGGRESSIVE;
				GCC_WARN_UNUSED_FUNCTION = YES;
				GCC_WARN_UNUSED_VARIABLE = YES;
				IPHONEOS_DEPLOYMENT_TARGET = 15.5;
				MTL_ENABLE_DEBUG_INFO = NO;
				MTL_FAST_MATH = YES;
				SDKROOT = iphoneos;
				SWIFT_COMPILATION_MODE = wholemodule;
				SWIFT_OPTIMIZATION_LEVEL = "-O";
				VALIDATE_PRODUCT = YES;
			};
			name = Release;
		};
		77B4B4E12888915B0090DF04 /* Debug */ = {
			isa = XCBuildConfiguration;
			buildSettings = {
				ASSETCATALOG_COMPILER_APPICON_NAME = AppIcon;
				ASSETCATALOG_COMPILER_GLOBAL_ACCENT_COLOR_NAME = AccentColor;
				CODE_SIGN_STYLE = Automatic;
				CURRENT_PROJECT_VERSION = 1;
				DEVELOPMENT_ASSET_PATHS = "\"City-Sights/Preview Content\"";
				DEVELOPMENT_TEAM = 82SV7T492R;
				ENABLE_PREVIEWS = YES;
				GENERATE_INFOPLIST_FILE = YES;
				INFOPLIST_FILE = "City-Sights/Info.plist";
				INFOPLIST_KEY_NSLocationWhenInUseUsageDescription = "Locate restaurants and sites near you";
				INFOPLIST_KEY_UIApplicationSceneManifest_Generation = YES;
				INFOPLIST_KEY_UIApplicationSupportsIndirectInputEvents = YES;
				INFOPLIST_KEY_UILaunchScreen_Generation = YES;
				INFOPLIST_KEY_UISupportedInterfaceOrientations_iPad = "UIInterfaceOrientationPortrait UIInterfaceOrientationPortraitUpsideDown UIInterfaceOrientationLandscapeLeft UIInterfaceOrientationLandscapeRight";
				INFOPLIST_KEY_UISupportedInterfaceOrientations_iPhone = "UIInterfaceOrientationPortrait UIInterfaceOrientationLandscapeLeft UIInterfaceOrientationLandscapeRight";
				LD_RUNPATH_SEARCH_PATHS = (
					"$(inherited)",
					"@executable_path/Frameworks",
				);
				MARKETING_VERSION = 1.0;
				PRODUCT_BUNDLE_IDENTIFIER = "com.gdavis-21.City-Sights";
				PRODUCT_NAME = "$(TARGET_NAME)";
				SWIFT_EMIT_LOC_STRINGS = YES;
				SWIFT_VERSION = 5.0;
				TARGETED_DEVICE_FAMILY = "1,2";
			};
			name = Debug;
		};
		77B4B4E22888915B0090DF04 /* Release */ = {
			isa = XCBuildConfiguration;
			buildSettings = {
				ASSETCATALOG_COMPILER_APPICON_NAME = AppIcon;
				ASSETCATALOG_COMPILER_GLOBAL_ACCENT_COLOR_NAME = AccentColor;
				CODE_SIGN_STYLE = Automatic;
				CURRENT_PROJECT_VERSION = 1;
				DEVELOPMENT_ASSET_PATHS = "\"City-Sights/Preview Content\"";
				DEVELOPMENT_TEAM = 82SV7T492R;
				ENABLE_PREVIEWS = YES;
				GENERATE_INFOPLIST_FILE = YES;
				INFOPLIST_FILE = "City-Sights/Info.plist";
				INFOPLIST_KEY_NSLocationWhenInUseUsageDescription = "Locate restaurants and sites near you";
				INFOPLIST_KEY_UIApplicationSceneManifest_Generation = YES;
				INFOPLIST_KEY_UIApplicationSupportsIndirectInputEvents = YES;
				INFOPLIST_KEY_UILaunchScreen_Generation = YES;
				INFOPLIST_KEY_UISupportedInterfaceOrientations_iPad = "UIInterfaceOrientationPortrait UIInterfaceOrientationPortraitUpsideDown UIInterfaceOrientationLandscapeLeft UIInterfaceOrientationLandscapeRight";
				INFOPLIST_KEY_UISupportedInterfaceOrientations_iPhone = "UIInterfaceOrientationPortrait UIInterfaceOrientationLandscapeLeft UIInterfaceOrientationLandscapeRight";
				LD_RUNPATH_SEARCH_PATHS = (
					"$(inherited)",
					"@executable_path/Frameworks",
				);
				MARKETING_VERSION = 1.0;
				PRODUCT_BUNDLE_IDENTIFIER = "com.gdavis-21.City-Sights";
				PRODUCT_NAME = "$(TARGET_NAME)";
				SWIFT_EMIT_LOC_STRINGS = YES;
				SWIFT_VERSION = 5.0;
				TARGETED_DEVICE_FAMILY = "1,2";
			};
			name = Release;
		};
/* End XCBuildConfiguration section */

/* Begin XCConfigurationList section */
		77B4B4CD288891560090DF04 /* Build configuration list for PBXProject "City-Sights" */ = {
			isa = XCConfigurationList;
			buildConfigurations = (
				77B4B4DE2888915B0090DF04 /* Debug */,
				77B4B4DF2888915B0090DF04 /* Release */,
			);
			defaultConfigurationIsVisible = 0;
			defaultConfigurationName = Release;
		};
		77B4B4E02888915B0090DF04 /* Build configuration list for PBXNativeTarget "City-Sights" */ = {
			isa = XCConfigurationList;
			buildConfigurations = (
				77B4B4E12888915B0090DF04 /* Debug */,
				77B4B4E22888915B0090DF04 /* Release */,
			);
			defaultConfigurationIsVisible = 0;
			defaultConfigurationName = Release;
		};
/* End XCConfigurationList section */
	};
	rootObject = 77B4B4CA288891560090DF04 /* Project object */;
}
